
Microsoft Visual Studio Solution File, Format Version 12.00
# Visual Studio Version 17
VisualStudioVersion = 17.0.32014.148
MinimumVisualStudioVersion = 10.0.40219.1
Project("{FAE04EC0-301F-11D3-BF4B-00C04F79EFBC}") = "Snake", "Snake\Snake.csproj", "{802B75A9-701F-43D8-8646-15AF9E34152D}"
EndProject
Global
	GlobalSection(SolutionConfigurationPlatforms) = preSolution
		Debug|Any CPU = Debug|Any CPU
		Release|Any CPU = Release|Any CPU
	EndGlobalSection
	GlobalSection(ProjectConfigurationPlatforms) = postSolution
		{802B75A9-701F-43D8-8646-15AF9E34152D}.Debug|Any CPU.ActiveCfg = Debug|Any CPU
		{802B75A9-701F-43D8-8646-15AF9E34152D}.Debug|Any CPU.Build.0 = Debug|Any CPU
		{802B75A9-701F-43D8-8646-15AF9E34152D}.Release|Any CPU.ActiveCfg = Release|Any CPU
		{802B75A9-701F-43D8-8646-15AF9E34152D}.Release|Any CPU.Build.0 = Release|Any CPU
	EndGlobalSection
	GlobalSection(SolutionProperties) = preSolution
		HideSolutionNode = FALSE
	EndGlobalSection
	GlobalSection(ExtensibilityGlobals) = postSolution
		SolutionGuid = {A531F533-FEA4-4E40-9FD4-04AD62B3913A}
	EndGlobalSection
EndGlobal
